
Microsoft Visual Studio Solution File, Format Version 12.00
# Visual Studio Version 16
VisualStudioVersion = 16.0.30011.22
MinimumVisualStudioVersion = 10.0.40219.1
Project("{FAE04EC0-301F-11D3-BF4B-00C04F79EFBC}") = "AU.Optime.BLL", "AU.Optime.BLL\AU.Optime.BLL.csproj", "{D11019E1-0AE2-4B1C-9AFD-E53A6A8EAD28}"
EndProject
Project("{FAE04EC0-301F-11D3-BF4B-00C04F79EFBC}") = "AU.Optime.Core", "AU.Optime.Core\AU.Optime.Core.csproj", "{9FC56397-0B90-4B36-ACB4-9C32F17269AA}"
EndProject
Project("{FAE04EC0-301F-11D3-BF4B-00C04F79EFBC}") = "AU.Optime.DAL", "AU.Optime.DAL\AU.Optime.DAL.csproj", "{07A5403A-63FF-4809-AB9A-DB49E8BAFA06}"
EndProject
Project("{FAE04EC0-301F-11D3-BF4B-00C04F79EFBC}") = "AU.Optime.Entities", "AU.Optime.Entities\AU.Optime.Entities.csproj", "{84E9E42B-DC40-4DBD-808E-1E494F833264}"
EndProject
Project("{2150E333-8FDC-42A3-9474-1A3956D46DE8}") = "src", "src", "{9D8791CD-59DA-4F3D-8E94-A61B585CF072}"
EndProject
Project("{2150E333-8FDC-42A3-9474-1A3956D46DE8}") = "server", "server", "{3E727412-EFFA-4B63-AFD1-5B697859DFF5}"
EndProject
Project("{2150E333-8FDC-42A3-9474-1A3956D46DE8}") = "ui", "ui", "{2421FCB9-20BC-44ED-9DBB-7EC70C8CDDA2}"
EndProject
Project("{2150E333-8FDC-42A3-9474-1A3956D46DE8}") = "mobile", "mobile", "{94BA6C0E-4B5D-4655-9E58-B5E7CA54CA2D}"
EndProject
Project("{FAE04EC0-301F-11D3-BF4B-00C04F79EFBC}") = "AU.Optime.Mobile.Android", "AU.Optime.Mobile\AU.Optime.Mobile.Android\AU.Optime.Mobile.Android.csproj", "{697FEA87-173C-4705-A56C-5B59B161BC42}"
EndProject
Project("{9A19103F-16F7-4668-BE54-9A1E7A4F7556}") = "AU.Optime.Mobile", "AU.Optime.Mobile\AU.Optime.Mobile\AU.Optime.Mobile.csproj", "{6C668B27-603E-422D-855A-46496237B6D7}"
EndProject
Project("{FAE04EC0-301F-11D3-BF4B-00C04F79EFBC}") = "AU.Optime.WebApi", "AU.Optime.WebApi\AU.Optime.WebApi.csproj", "{4F1E2F7A-BB3B-48D9-8C7C-8A82DFD952CD}"
EndProject
Project("{2150E333-8FDC-42A3-9474-1A3956D46DE8}") = "test", "test", "{D328C2BA-F9A3-469D-BA47-1E1B1C0E6B00}"
EndProject
Project("{FAE04EC0-301F-11D3-BF4B-00C04F79EFBC}") = "AU.ScheduleTest", "AU.ScheduleTest\AU.ScheduleTest.csproj", "{5C87F020-4705-482B-AF17-6CBDE30B523F}"
EndProject
Global
	GlobalSection(SolutionConfigurationPlatforms) = preSolution
		Debug|Any CPU = Debug|Any CPU
		Release|Any CPU = Release|Any CPU
	EndGlobalSection
	GlobalSection(ProjectConfigurationPlatforms) = postSolution
		{D11019E1-0AE2-4B1C-9AFD-E53A6A8EAD28}.Debug|Any CPU.ActiveCfg = Debug|Any CPU
		{D11019E1-0AE2-4B1C-9AFD-E53A6A8EAD28}.Debug|Any CPU.Build.0 = Debug|Any CPU
		{D11019E1-0AE2-4B1C-9AFD-E53A6A8EAD28}.Release|Any CPU.ActiveCfg = Release|Any CPU
		{D11019E1-0AE2-4B1C-9AFD-E53A6A8EAD28}.Release|Any CPU.Build.0 = Release|Any CPU
		{9FC56397-0B90-4B36-ACB4-9C32F17269AA}.Debug|Any CPU.ActiveCfg = Debug|Any CPU
		{9FC56397-0B90-4B36-ACB4-9C32F17269AA}.Debug|Any CPU.Build.0 = Debug|Any CPU
		{9FC56397-0B90-4B36-ACB4-9C32F17269AA}.Release|Any CPU.ActiveCfg = Release|Any CPU
		{9FC56397-0B90-4B36-ACB4-9C32F17269AA}.Release|Any CPU.Build.0 = Release|Any CPU
		{07A5403A-63FF-4809-AB9A-DB49E8BAFA06}.Debug|Any CPU.ActiveCfg = Debug|Any CPU
		{07A5403A-63FF-4809-AB9A-DB49E8BAFA06}.Debug|Any CPU.Build.0 = Debug|Any CPU
		{07A5403A-63FF-4809-AB9A-DB49E8BAFA06}.Release|Any CPU.ActiveCfg = Release|Any CPU
		{07A5403A-63FF-4809-AB9A-DB49E8BAFA06}.Release|Any CPU.Build.0 = Release|Any CPU
		{84E9E42B-DC40-4DBD-808E-1E494F833264}.Debug|Any CPU.ActiveCfg = Debug|Any CPU
		{84E9E42B-DC40-4DBD-808E-1E494F833264}.Debug|Any CPU.Build.0 = Debug|Any CPU
		{84E9E42B-DC40-4DBD-808E-1E494F833264}.Release|Any CPU.ActiveCfg = Release|Any CPU
		{84E9E42B-DC40-4DBD-808E-1E494F833264}.Release|Any CPU.Build.0 = Release|Any CPU
		{697FEA87-173C-4705-A56C-5B59B161BC42}.Debug|Any CPU.ActiveCfg = Debug|Any CPU
		{697FEA87-173C-4705-A56C-5B59B161BC42}.Debug|Any CPU.Build.0 = Debug|Any CPU
		{697FEA87-173C-4705-A56C-5B59B161BC42}.Debug|Any CPU.Deploy.0 = Debug|Any CPU
		{697FEA87-173C-4705-A56C-5B59B161BC42}.Release|Any CPU.ActiveCfg = Release|Any CPU
		{697FEA87-173C-4705-A56C-5B59B161BC42}.Release|Any CPU.Build.0 = Release|Any CPU
		{697FEA87-173C-4705-A56C-5B59B161BC42}.Release|Any CPU.Deploy.0 = Release|Any CPU
		{6C668B27-603E-422D-855A-46496237B6D7}.Debug|Any CPU.ActiveCfg = Debug|Any CPU
		{6C668B27-603E-422D-855A-46496237B6D7}.Debug|Any CPU.Build.0 = Debug|Any CPU
		{6C668B27-603E-422D-855A-46496237B6D7}.Release|Any CPU.ActiveCfg = Release|Any CPU
		{6C668B27-603E-422D-855A-46496237B6D7}.Release|Any CPU.Build.0 = Release|Any CPU
		{4F1E2F7A-BB3B-48D9-8C7C-8A82DFD952CD}.Debug|Any CPU.ActiveCfg = Debug|Any CPU
		{4F1E2F7A-BB3B-48D9-8C7C-8A82DFD952CD}.Debug|Any CPU.Build.0 = Debug|Any CPU
		{4F1E2F7A-BB3B-48D9-8C7C-8A82DFD952CD}.Release|Any CPU.ActiveCfg = Release|Any CPU
		{4F1E2F7A-BB3B-48D9-8C7C-8A82DFD952CD}.Release|Any CPU.Build.0 = Release|Any CPU
		{5C87F020-4705-482B-AF17-6CBDE30B523F}.Debug|Any CPU.ActiveCfg = Debug|Any CPU
		{5C87F020-4705-482B-AF17-6CBDE30B523F}.Debug|Any CPU.Build.0 = Debug|Any CPU
		{5C87F020-4705-482B-AF17-6CBDE30B523F}.Release|Any CPU.ActiveCfg = Release|Any CPU
		{5C87F020-4705-482B-AF17-6CBDE30B523F}.Release|Any CPU.Build.0 = Release|Any CPU
	EndGlobalSection
	GlobalSection(SolutionProperties) = preSolution
		HideSolutionNode = FALSE
	EndGlobalSection
	GlobalSection(NestedProjects) = preSolution
		{D11019E1-0AE2-4B1C-9AFD-E53A6A8EAD28} = {3E727412-EFFA-4B63-AFD1-5B697859DFF5}
		{9FC56397-0B90-4B36-ACB4-9C32F17269AA} = {3E727412-EFFA-4B63-AFD1-5B697859DFF5}
		{07A5403A-63FF-4809-AB9A-DB49E8BAFA06} = {3E727412-EFFA-4B63-AFD1-5B697859DFF5}
		{84E9E42B-DC40-4DBD-808E-1E494F833264} = {3E727412-EFFA-4B63-AFD1-5B697859DFF5}
		{3E727412-EFFA-4B63-AFD1-5B697859DFF5} = {9D8791CD-59DA-4F3D-8E94-A61B585CF072}
		{2421FCB9-20BC-44ED-9DBB-7EC70C8CDDA2} = {9D8791CD-59DA-4F3D-8E94-A61B585CF072}
		{94BA6C0E-4B5D-4655-9E58-B5E7CA54CA2D} = {2421FCB9-20BC-44ED-9DBB-7EC70C8CDDA2}
		{697FEA87-173C-4705-A56C-5B59B161BC42} = {94BA6C0E-4B5D-4655-9E58-B5E7CA54CA2D}
		{6C668B27-603E-422D-855A-46496237B6D7} = {94BA6C0E-4B5D-4655-9E58-B5E7CA54CA2D}
		{4F1E2F7A-BB3B-48D9-8C7C-8A82DFD952CD} = {3E727412-EFFA-4B63-AFD1-5B697859DFF5}
		{D328C2BA-F9A3-469D-BA47-1E1B1C0E6B00} = {9D8791CD-59DA-4F3D-8E94-A61B585CF072}
		{5C87F020-4705-482B-AF17-6CBDE30B523F} = {D328C2BA-F9A3-469D-BA47-1E1B1C0E6B00}
	EndGlobalSection
	GlobalSection(ExtensibilityGlobals) = postSolution
		SolutionGuid = {8602F699-F336-46FB-B7A5-BDC8A3091BEF}
	EndGlobalSection
EndGlobal
